// !$*UTF8*$!
{
	archiveVersion = 1;
	classes = {
	};
	objectVersion = 46;
	objects = {

/* Begin PBXBuildFile section */
		32FCA3511BBA766300959C02 /* AppDelegate.swift in Sources */ = {isa = PBXBuildFile; fileRef = 32FCA3501BBA766300959C02 /* AppDelegate.swift */; };
		32FCA3531BBA766300959C02 /* ViewController.swift in Sources */ = {isa = PBXBuildFile; fileRef = 32FCA3521BBA766300959C02 /* ViewController.swift */; };
		32FCA3561BBA766300959C02 /* Main.storyboard in Resources */ = {isa = PBXBuildFile; fileRef = 32FCA3541BBA766300959C02 /* Main.storyboard */; };
		32FCA3581BBA766300959C02 /* Images.xcassets in Resources */ = {isa = PBXBuildFile; fileRef = 32FCA3571BBA766300959C02 /* Images.xcassets */; };
		32FCA35B1BBA766300959C02 /* LaunchScreen.xib in Resources */ = {isa = PBXBuildFile; fileRef = 32FCA3591BBA766300959C02 /* LaunchScreen.xib */; };
		32FCA3671BBA766300959C02 /* LocalNotifyUtilityTests.swift in Sources */ = {isa = PBXBuildFile; fileRef = 32FCA3661BBA766300959C02 /* LocalNotifyUtilityTests.swift */; };
		32FCA3711BBA769100959C02 /* LocalNotificationUtil.swift in Sources */ = {isa = PBXBuildFile; fileRef = 32FCA3701BBA769100959C02 /* LocalNotificationUtil.swift */; };
/* End PBXBuildFile section */

/* Begin PBXContainerItemProxy section */
		32FCA3611BBA766300959C02 /* PBXContainerItemProxy */ = {
			isa = PBXContainerItemProxy;
			containerPortal = 32FCA3431BBA766300959C02 /* Project object */;
			proxyType = 1;
			remoteGlobalIDString = 32FCA34A1BBA766300959C02;
			remoteInfo = LocalNotifyUtility;
		};
/* End PBXContainerItemProxy section */

/* Begin PBXFileReference section */
		32FCA34B1BBA766300959C02 /* LocalNotifyUtility.app */ = {isa = PBXFileReference; explicitFileType = wrapper.application; includeInIndex = 0; path = LocalNotifyUtility.app; sourceTree = BUILT_PRODUCTS_DIR; };
		32FCA34F1BBA766300959C02 /* Info.plist */ = {isa = PBXFileReference; lastKnownFileType = text.plist.xml; path = Info.plist; sourceTree = "<group>"; };
		32FCA3501BBA766300959C02 /* AppDelegate.swift */ = {isa = PBXFileReference; lastKnownFileType = sourcecode.swift; path = AppDelegate.swift; sourceTree = "<group>"; };
		32FCA3521BBA766300959C02 /* ViewController.swift */ = {isa = PBXFileReference; lastKnownFileType = sourcecode.swift; path = ViewController.swift; sourceTree = "<group>"; };
		32FCA3551BBA766300959C02 /* Base */ = {isa = PBXFileReference; lastKnownFileType = file.storyboard; name = Base; path = Base.lproj/Main.storyboard; sourceTree = "<group>"; };
		32FCA3571BBA766300959C02 /* Images.xcassets */ = {isa = PBXFileReference; lastKnownFileType = folder.assetcatalog; path = Images.xcassets; sourceTree = "<group>"; };
		32FCA35A1BBA766300959C02 /* Base */ = {isa = PBXFileReference; lastKnownFileType = file.xib; name = Base; path = Base.lproj/LaunchScreen.xib; sourceTree = "<group>"; };
		32FCA3601BBA766300959C02 /* LocalNotifyUtilityTests.xctest */ = {isa = PBXFileReference; explicitFileType = wrapper.cfbundle; includeInIndex = 0; path = LocalNotifyUtilityTests.xctest; sourceTree = BUILT_PRODUCTS_DIR; };
		32FCA3651BBA766300959C02 /* Info.plist */ = {isa = PBXFileReference; lastKnownFileType = text.plist.xml; path = Info.plist; sourceTree = "<group>"; };
		32FCA3661BBA766300959C02 /* LocalNotifyUtilityTests.swift */ = {isa = PBXFileReference; lastKnownFileType = sourcecode.swift; path = LocalNotifyUtilityTests.swift; sourceTree = "<group>"; };
		32FCA3701BBA769100959C02 /* LocalNotificationUtil.swift */ = {isa = PBXFileReference; fileEncoding = 4; lastKnownFileType = sourcecode.swift; name = LocalNotificationUtil.swift; path = ../LocalNotificationUtil.swift; sourceTree = "<group>"; };
/* End PBXFileReference section */

/* Begin PBXFrameworksBuildPhase section */
		32FCA3481BBA766300959C02 /* Frameworks */ = {
			isa = PBXFrameworksBuildPhase;
			buildActionMask = 2147483647;
			files = (
			);
			runOnlyForDeploymentPostprocessing = 0;
		};
		32FCA35D1BBA766300959C02 /* Frameworks */ = {
			isa = PBXFrameworksBuildPhase;
			buildActionMask = 2147483647;
			files = (
			);
			runOnlyForDeploymentPostprocessing = 0;
		};
/* End PBXFrameworksBuildPhase section */

/* Begin PBXGroup section */
		32FCA3421BBA766300959C02 = {
			isa = PBXGroup;
			children = (
				32FCA34D1BBA766300959C02 /* LocalNotifyUtility */,
				32FCA3631BBA766300959C02 /* LocalNotifyUtilityTests */,
				32FCA34C1BBA766300959C02 /* Products */,
			);
			sourceTree = "<group>";
		};
		32FCA34C1BBA766300959C02 /* Products */ = {
			isa = PBXGroup;
			children = (
				32FCA34B1BBA766300959C02 /* LocalNotifyUtility.app */,
				32FCA3601BBA766300959C02 /* LocalNotifyUtilityTests.xctest */,
			);
			name = Products;
			sourceTree = "<group>";
		};
		32FCA34D1BBA766300959C02 /* LocalNotifyUtility */ = {
			isa = PBXGroup;
			children = (
				32FCA3701BBA769100959C02 /* LocalNotificationUtil.swift */,
				32FCA3501BBA766300959C02 /* AppDelegate.swift */,
				32FCA3521BBA766300959C02 /* ViewController.swift */,
				32FCA3541BBA766300959C02 /* Main.storyboard */,
				32FCA3571BBA766300959C02 /* Images.xcassets */,
				32FCA3591BBA766300959C02 /* LaunchScreen.xib */,
				32FCA34E1BBA766300959C02 /* Supporting Files */,
			);
			path = LocalNotifyUtility;
			sourceTree = "<group>";
		};
		32FCA34E1BBA766300959C02 /* Supporting Files */ = {
			isa = PBXGroup;
			children = (
				32FCA34F1BBA766300959C02 /* Info.plist */,
			);
			name = "Supporting Files";
			sourceTree = "<group>";
		};
		32FCA3631BBA766300959C02 /* LocalNotifyUtilityTests */ = {
			isa = PBXGroup;
			children = (
				32FCA3661BBA766300959C02 /* LocalNotifyUtilityTests.swift */,
				32FCA3641BBA766300959C02 /* Supporting Files */,
			);
			path = LocalNotifyUtilityTests;
			sourceTree = "<group>";
		};
		32FCA3641BBA766300959C02 /* Supporting Files */ = {
			isa = PBXGroup;
			children = (
				32FCA3651BBA766300959C02 /* Info.plist */,
			);
			name = "Supporting Files";
			sourceTree = "<group>";
		};
/* End PBXGroup section */

/* Begin PBXNativeTarget section */
		32FCA34A1BBA766300959C02 /* LocalNotifyUtility */ = {
			isa = PBXNativeTarget;
			buildConfigurationList = 32FCA36A1BBA766300959C02 /* Build configuration list for PBXNativeTarget "LocalNotifyUtility" */;
			buildPhases = (
				32FCA3471BBA766300959C02 /* Sources */,
				32FCA3481BBA766300959C02 /* Frameworks */,
				32FCA3491BBA766300959C02 /* Resources */,
			);
			buildRules = (
			);
			dependencies = (
			);
			name = LocalNotifyUtility;
			productName = LocalNotifyUtility;
			productReference = 32FCA34B1BBA766300959C02 /* LocalNotifyUtility.app */;
			productType = "com.apple.product-type.application";
		};
		32FCA35F1BBA766300959C02 /* LocalNotifyUtilityTests */ = {
			isa = PBXNativeTarget;
			buildConfigurationList = 32FCA36D1BBA766300959C02 /* Build configuration list for PBXNativeTarget "LocalNotifyUtilityTests" */;
			buildPhases = (
				32FCA35C1BBA766300959C02 /* Sources */,
				32FCA35D1BBA766300959C02 /* Frameworks */,
				32FCA35E1BBA766300959C02 /* Resources */,
			);
			buildRules = (
			);
			dependencies = (
				32FCA3621BBA766300959C02 /* PBXTargetDependency */,
			);
			name = LocalNotifyUtilityTests;
			productName = LocalNotifyUtilityTests;
			productReference = 32FCA3601BBA766300959C02 /* LocalNotifyUtilityTests.xctest */;
			productType = "com.apple.product-type.bundle.unit-test";
		};
/* End PBXNativeTarget section */

/* Begin PBXProject section */
		32FCA3431BBA766300959C02 /* Project object */ = {
			isa = PBXProject;
			attributes = {
				LastUpgradeCheck = 0640;
				ORGANIZATIONNAME = SoKatagiri;
				TargetAttributes = {
					32FCA34A1BBA766300959C02 = {
						CreatedOnToolsVersion = 6.4;
					};
					32FCA35F1BBA766300959C02 = {
						CreatedOnToolsVersion = 6.4;
						TestTargetID = 32FCA34A1BBA766300959C02;
					};
				};
			};
			buildConfigurationList = 32FCA3461BBA766300959C02 /* Build configuration list for PBXProject "LocalNotifyUtility" */;
			compatibilityVersion = "Xcode 3.2";
			developmentRegion = English;
			hasScannedForEncodings = 0;
			knownRegions = (
				en,
				Base,
			);
			mainGroup = 32FCA3421BBA766300959C02;
			productRefGroup = 32FCA34C1BBA766300959C02 /* Products */;
			projectDirPath = "";
			projectRoot = "";
			targets = (
				32FCA34A1BBA766300959C02 /* LocalNotifyUtility */,
				32FCA35F1BBA766300959C02 /* LocalNotifyUtilityTests */,
			);
		};
/* End PBXProject section */

/* Begin PBXResourcesBuildPhase section */
		32FCA3491BBA766300959C02 /* Resources */ = {
			isa = PBXResourcesBuildPhase;
			buildActionMask = 2147483647;
			files = (
				32FCA3561BBA766300959C02 /* Main.storyboard in Resources */,
				32FCA35B1BBA766300959C02 /* LaunchScreen.xib in Resources */,
				32FCA3581BBA766300959C02 /* Images.xcassets in Resources */,
			);
			runOnlyForDeploymentPostprocessing = 0;
		};
		32FCA35E1BBA766300959C02 /* Resources */ = {
			isa = PBXResourcesBuildPhase;
			buildActionMask = 2147483647;
			files = (
			);
			runOnlyForDeploymentPostprocessing = 0;
		};
/* End PBXResourcesBuildPhase section */

/* Begin PBXSourcesBuildPhase section */
		32FCA3471BBA766300959C02 /* Sources */ = {
			isa = PBXSourcesBuildPhase;
			buildActionMask = 2147483647;
			files = (
				32FCA3531BBA766300959C02 /* ViewController.swift in Sources */,
				32FCA3511BBA766300959C02 /* AppDelegate.swift in Sources */,
				32FCA3711BBA769100959C02 /* LocalNotificationUtil.swift in Sources */,
			);
			runOnlyForDeploymentPostprocessing = 0;
		};
		32FCA35C1BBA766300959C02 /* Sources */ = {
			isa = PBXSourcesBuildPhase;
			buildActionMask = 2147483647;
			files = (
				32FCA3671BBA766300959C02 /* LocalNotifyUtilityTests.swift in Sources */,
			);
			runOnlyForDeploymentPostprocessing = 0;
		};
/* End PBXSourcesBuildPhase section */

/* Begin PBXTargetDependency section */
		32FCA3621BBA766300959C02 /* PBXTargetDependency */ = {
			isa = PBXTargetDependency;
			target = 32FCA34A1BBA766300959C02 /* LocalNotifyUtility */;
			targetProxy = 32FCA3611BBA766300959C02 /* PBXContainerItemProxy */;
		};
/* End PBXTargetDependency section */

/* Begin PBXVariantGroup section */
		32FCA3541BBA766300959C02 /* Main.storyboard */ = {
			isa = PBXVariantGroup;
			children = (
				32FCA3551BBA766300959C02 /* Base */,
			);
			name = Main.storyboard;
			sourceTree = "<group>";
		};
		32FCA3591BBA766300959C02 /* LaunchScreen.xib */ = {
			isa = PBXVariantGroup;
			children = (
				32FCA35A1BBA766300959C02 /* Base */,
			);
			name = LaunchScreen.xib;
			sourceTree = "<group>";
		};
/* End PBXVariantGroup section */

/* Begin XCBuildConfiguration section */
		32FCA3681BBA766300959C02 /* Debug */ = {
			isa = XCBuildConfiguration;
			buildSettings = {
				ALWAYS_SEARCH_USER_PATHS = NO;
				CLANG_CXX_LANGUAGE_STANDARD = "gnu++0x";
				CLANG_CXX_LIBRARY = "libc++";
				CLANG_ENABLE_MODULES = YES;
				CLANG_ENABLE_OBJC_ARC = YES;
				CLANG_WARN_BOOL_CONVERSION = YES;
				CLANG_WARN_CONSTANT_CONVERSION = YES;
				CLANG_WARN_DIRECT_OBJC_ISA_USAGE = YES_ERROR;
				CLANG_WARN_EMPTY_BODY = YES;
				CLANG_WARN_ENUM_CONVERSION = YES;
				CLANG_WARN_INT_CONVERSION = YES;
				CLANG_WARN_OBJC_ROOT_CLASS = YES_ERROR;
				CLANG_WARN_UNREACHABLE_CODE = YES;
				CLANG_WARN__DUPLICATE_METHOD_MATCH = YES;
				"CODE_SIGN_IDENTITY[sdk=iphoneos*]" = "iPhone Developer";
				COPY_PHASE_STRIP = NO;
				DEBUG_INFORMATION_FORMAT = "dwarf-with-dsym";
				ENABLE_STRICT_OBJC_MSGSEND = YES;
				GCC_C_LANGUAGE_STANDARD = gnu99;
				GCC_DYNAMIC_NO_PIC = NO;
				GCC_NO_COMMON_BLOCKS = YES;
				GCC_OPTIMIZATION_LEVEL = 0;
				GCC_PREPROCESSOR_DEFINITIONS = (
					"DEBUG=1",
					"$(inherited)",
				);
				GCC_SYMBOLS_PRIVATE_EXTERN = NO;
				GCC_WARN_64_TO_32_BIT_CONVERSION = YES;
				GCC_WARN_ABOUT_RETURN_TYPE = YES_ERROR;
				GCC_WARN_UNDECLARED_SELECTOR = YES;
				GCC_WARN_UNINITIALIZED_AUTOS = YES_AGGRESSIVE;
				GCC_WARN_UNUSED_FUNCTION = YES;
				GCC_WARN_UNUSED_VARIABLE = YES;
				IPHONEOS_DEPLOYMENT_TARGET = 8.4;
				MTL_ENABLE_DEBUG_INFO = YES;
				ONLY_ACTIVE_ARCH = YES;
				SDKROOT = iphoneos;
				SWIFT_OPTIMIZATION_LEVEL = "-Onone";
			};
			name = Debug;
		};
		32FCA3691BBA766300959C02 /* Release */ = {
			isa = XCBuildConfiguration;
			buildSettings = {
				ALWAYS_SEARCH_USER_PATHS = NO;
				CLANG_CXX_LANGUAGE_STANDARD = "gnu++0x";
				CLANG_CXX_LIBRARY = "libc++";
				CLANG_ENABLE_MODULES = YES;
				CLANG_ENABLE_OBJC_ARC = YES;
				CLANG_WARN_BOOL_CONVERSION = YES;
				CLANG_WARN_CONSTANT_CONVERSION = YES;
				CLANG_WARN_DIRECT_OBJC_ISA_USAGE = YES_ERROR;
				CLANG_WARN_EMPTY_BODY = YES;
				CLANG_WARN_ENUM_CONVERSION = YES;
				CLANG_WARN_INT_CONVERSION = YES;
				CLANG_WARN_OBJC_ROOT_CLASS = YES_ERROR;
				CLANG_WARN_UNREACHABLE_CODE = YES;
				CLANG_WARN__DUPLICATE_METHOD_MATCH = YES;
				"CODE_SIGN_IDENTITY[sdk=iphoneos*]" = "iPhone Developer";
				COPY_PHASE_STRIP = NO;
				DEBUG_INFORMATION_FORMAT = "dwarf-with-dsym";
				ENABLE_NS_ASSERTIONS = NO;
				ENABLE_STRICT_OBJC_MSGSEND = YES;
				GCC_C_LANGUAGE_STANDARD = gnu99;
				GCC_NO_COMMON_BLOCKS = YES;
				GCC_WARN_64_TO_32_BIT_CONVERSION = YES;
				GCC_WARN_ABOUT_RETURN_TYPE = YES_ERROR;
				GCC_WARN_UNDECLARED_SELECTOR = YES;
				GCC_WARN_UNINITIALIZED_AUTOS = YES_AGGRESSIVE;
				GCC_WARN_UNUSED_FUNCTION = YES;
				GCC_WARN_UNUSED_VARIABLE = YES;
				IPHONEOS_DEPLOYMENT_TARGET = 8.4;
				MTL_ENABLE_DEBUG_INFO = NO;
				SDKROOT = iphoneos;
				VALIDATE_PRODUCT = YES;
			};
			name = Release;
		};
		32FCA36B1BBA766300959C02 /* Debug */ = {
			isa = XCBuildConfiguration;
			buildSettings = {
				ASSETCATALOG_COMPILER_APPICON_NAME = AppIcon;
				INFOPLIST_FILE = LocalNotifyUtility/Info.plist;
				LD_RUNPATH_SEARCH_PATHS = "$(inherited) @executable_path/Frameworks";
				PRODUCT_NAME = "$(TARGET_NAME)";
			};
			name = Debug;
		};
		32FCA36C1BBA766300959C02 /* Release */ = {
			isa = XCBuildConfiguration;
			buildSettings = {
				ASSETCATALOG_COMPILER_APPICON_NAME = AppIcon;
				INFOPLIST_FILE = LocalNotifyUtility/Info.plist;
				LD_RUNPATH_SEARCH_PATHS = "$(inherited) @executable_path/Frameworks";
				PRODUCT_NAME = "$(TARGET_NAME)";
			};
			name = Release;
		};
		32FCA36E1BBA766300959C02 /* Debug */ = {
			isa = XCBuildConfiguration;
			buildSettings = {
				BUNDLE_LOADER = "$(TEST_HOST)";
				FRAMEWORK_SEARCH_PATHS = (
					"$(SDKROOT)/Developer/Library/Frameworks",
					"$(inherited)",
				);
				GCC_PREPROCESSOR_DEFINITIONS = (
					"DEBUG=1",
					"$(inherited)",
				);
				INFOPLIST_FILE = LocalNotifyUtilityTests/Info.plist;
				LD_RUNPATH_SEARCH_PATHS = "$(inherited) @executable_path/Frameworks @loader_path/Frameworks";
				PRODUCT_NAME = "$(TARGET_NAME)";
				TEST_HOST = "$(BUILT_PRODUCTS_DIR)/LocalNotifyUtility.app/LocalNotifyUtility";
			};
			name = Debug;
		};
		32FCA36F1BBA766300959C02 /* Release */ = {
			isa = XCBuildConfiguration;
			buildSettings = {
				BUNDLE_LOADER = "$(TEST_HOST)";
				FRAMEWORK_SEARCH_PATHS = (
					"$(SDKROOT)/Developer/Library/Frameworks",
					"$(inherited)",
				);
				INFOPLIST_FILE = LocalNotifyUtilityTests/Info.plist;
				LD_RUNPATH_SEARCH_PATHS = "$(inherited) @executable_path/Frameworks @loader_path/Frameworks";
				PRODUCT_NAME = "$(TARGET_NAME)";
				TEST_HOST = "$(BUILT_PRODUCTS_DIR)/LocalNotifyUtility.app/LocalNotifyUtility";
			};
			name = Release;
		};
/* End XCBuildConfiguration section */

/* Begin XCConfigurationList section */
		32FCA3461BBA766300959C02 /* Build configuration list for PBXProject "LocalNotifyUtility" */ = {
			isa = XCConfigurationList;
			buildConfigurations = (
				32FCA3681BBA766300959C02 /* Debug */,
				32FCA3691BBA766300959C02 /* Release */,
			);
			defaultConfigurationIsVisible = 0;
			defaultConfigurationName = Release;
		};
		32FCA36A1BBA766300959C02 /* Build configuration list for PBXNativeTarget "LocalNotifyUtility" */ = {
			isa = XCConfigurationList;
			buildConfigurations = (
				32FCA36B1BBA766300959C02 /* Debug */,
				32FCA36C1BBA766300959C02 /* Release */,
			);
			defaultConfigurationIsVisible = 0;
		};
		32FCA36D1BBA766300959C02 /* Build configuration list for PBXNativeTarget "LocalNotifyUtilityTests" */ = {
			isa = XCConfigurationList;
			buildConfigurations = (
				32FCA36E1BBA766300959C02 /* Debug */,
				32FCA36F1BBA766300959C02 /* Release */,
			);
			defaultConfigurationIsVisible = 0;
		};
/* End XCConfigurationList section */
	};
	rootObject = 32FCA3431BBA766300959C02 /* Project object */;
}
